// !$*UTF8*$!
{
	archiveVersion = 1;
	classes = {
	};
	objectVersion = 48;
	objects = {

/* Begin PBXBuildFile section */
		FF259E871F77001300EA79C3 /* impact.ttf in Resources */ = {isa = PBXBuildFile; fileRef = FF259E851F76FDC500EA79C3 /* impact.ttf */; };
		FF259E8B1F77BE6300EA79C3 /* CreateMemeController+ImagePickerDelegate.swift in Sources */ = {isa = PBXBuildFile; fileRef = FF259E8A1F77BE6300EA79C3 /* CreateMemeController+ImagePickerDelegate.swift */; };
		FF259E8D1F77BF2000EA79C3 /* CreateMemeController+Keyboard.swift in Sources */ = {isa = PBXBuildFile; fileRef = FF259E8C1F77BF2000EA79C3 /* CreateMemeController+Keyboard.swift */; };
		FF654D151F7550A100D911A8 /* AppDelegate.swift in Sources */ = {isa = PBXBuildFile; fileRef = FF654D141F7550A100D911A8 /* AppDelegate.swift */; };
		FF654D171F7550A100D911A8 /* CreateMemeController.swift in Sources */ = {isa = PBXBuildFile; fileRef = FF654D161F7550A100D911A8 /* CreateMemeController.swift */; };
		FF654D1A1F7550A100D911A8 /* Main.storyboard in Resources */ = {isa = PBXBuildFile; fileRef = FF654D181F7550A100D911A8 /* Main.storyboard */; };
		FF654D1D1F7550A100D911A8 /* MemeMe.xcdatamodeld in Sources */ = {isa = PBXBuildFile; fileRef = FF654D1B1F7550A100D911A8 /* MemeMe.xcdatamodeld */; };
		FF654D1F1F7550A100D911A8 /* Assets.xcassets in Resources */ = {isa = PBXBuildFile; fileRef = FF654D1E1F7550A100D911A8 /* Assets.xcassets */; };
		FF654D221F7550A100D911A8 /* LaunchScreen.storyboard in Resources */ = {isa = PBXBuildFile; fileRef = FF654D201F7550A100D911A8 /* LaunchScreen.storyboard */; };
		FF654D2D1F7550A200D911A8 /* MemeMeUITests.swift in Sources */ = {isa = PBXBuildFile; fileRef = FF654D2C1F7550A200D911A8 /* MemeMeUITests.swift */; };
		FF7525561F76ADCA00DFDD88 /* ConstraintUtils.swift in Sources */ = {isa = PBXBuildFile; fileRef = FF7525551F76ACA400DFDD88 /* ConstraintUtils.swift */; };
		FF75255B1F76CCD700DFDD88 /* MemeImage.swift in Sources */ = {isa = PBXBuildFile; fileRef = FF75255A1F76CCD700DFDD88 /* MemeImage.swift */; };
/* End PBXBuildFile section */

/* Begin PBXContainerItemProxy section */
		FF654D291F7550A200D911A8 /* PBXContainerItemProxy */ = {
			isa = PBXContainerItemProxy;
			containerPortal = FF654D091F7550A100D911A8 /* Project object */;
			proxyType = 1;
			remoteGlobalIDString = FF654D101F7550A100D911A8;
			remoteInfo = MemeMe;
		};
/* End PBXContainerItemProxy section */

/* Begin PBXFileReference section */
		FF259E851F76FDC500EA79C3 /* impact.ttf */ = {isa = PBXFileReference; lastKnownFileType = file; path = impact.ttf; sourceTree = "<group>"; };
		FF259E8A1F77BE6300EA79C3 /* CreateMemeController+ImagePickerDelegate.swift */ = {isa = PBXFileReference; lastKnownFileType = sourcecode.swift; path = "CreateMemeController+ImagePickerDelegate.swift"; sourceTree = "<group>"; };
		FF259E8C1F77BF2000EA79C3 /* CreateMemeController+Keyboard.swift */ = {isa = PBXFileReference; lastKnownFileType = sourcecode.swift; path = "CreateMemeController+Keyboard.swift"; sourceTree = "<group>"; };
		FF654D111F7550A100D911A8 /* MemeMe.app */ = {isa = PBXFileReference; explicitFileType = wrapper.application; includeInIndex = 0; path = MemeMe.app; sourceTree = BUILT_PRODUCTS_DIR; };
		FF654D141F7550A100D911A8 /* AppDelegate.swift */ = {isa = PBXFileReference; lastKnownFileType = sourcecode.swift; path = AppDelegate.swift; sourceTree = "<group>"; };
		FF654D161F7550A100D911A8 /* CreateMemeController.swift */ = {isa = PBXFileReference; lastKnownFileType = sourcecode.swift; path = CreateMemeController.swift; sourceTree = "<group>"; };
		FF654D191F7550A100D911A8 /* Base */ = {isa = PBXFileReference; lastKnownFileType = file.storyboard; name = Base; path = Base.lproj/Main.storyboard; sourceTree = "<group>"; };
		FF654D1C1F7550A100D911A8 /* MemeMe.xcdatamodel */ = {isa = PBXFileReference; lastKnownFileType = wrapper.xcdatamodel; path = MemeMe.xcdatamodel; sourceTree = "<group>"; };
		FF654D1E1F7550A100D911A8 /* Assets.xcassets */ = {isa = PBXFileReference; lastKnownFileType = folder.assetcatalog; path = Assets.xcassets; sourceTree = "<group>"; };
		FF654D211F7550A100D911A8 /* Base */ = {isa = PBXFileReference; lastKnownFileType = file.storyboard; name = Base; path = Base.lproj/LaunchScreen.storyboard; sourceTree = "<group>"; };
		FF654D231F7550A100D911A8 /* Info.plist */ = {isa = PBXFileReference; lastKnownFileType = text.plist.xml; path = Info.plist; sourceTree = "<group>"; };
		FF654D281F7550A200D911A8 /* MemeMeUITests.xctest */ = {isa = PBXFileReference; explicitFileType = wrapper.cfbundle; includeInIndex = 0; path = MemeMeUITests.xctest; sourceTree = BUILT_PRODUCTS_DIR; };
		FF654D2C1F7550A200D911A8 /* MemeMeUITests.swift */ = {isa = PBXFileReference; lastKnownFileType = sourcecode.swift; path = MemeMeUITests.swift; sourceTree = "<group>"; };
		FF654D2E1F7550A200D911A8 /* Info.plist */ = {isa = PBXFileReference; lastKnownFileType = text.plist.xml; path = Info.plist; sourceTree = "<group>"; };
		FF7525551F76ACA400DFDD88 /* ConstraintUtils.swift */ = {isa = PBXFileReference; lastKnownFileType = sourcecode.swift; path = ConstraintUtils.swift; sourceTree = "<group>"; };
		FF75255A1F76CCD700DFDD88 /* MemeImage.swift */ = {isa = PBXFileReference; lastKnownFileType = sourcecode.swift; path = MemeImage.swift; sourceTree = "<group>"; };
/* End PBXFileReference section */

/* Begin PBXFrameworksBuildPhase section */
		FF654D0E1F7550A100D911A8 /* Frameworks */ = {
			isa = PBXFrameworksBuildPhase;
			buildActionMask = 2147483647;
			files = (
			);
			runOnlyForDeploymentPostprocessing = 0;
		};
		FF654D251F7550A200D911A8 /* Frameworks */ = {
			isa = PBXFrameworksBuildPhase;
			buildActionMask = 2147483647;
			files = (
			);
			runOnlyForDeploymentPostprocessing = 0;
		};
/* End PBXFrameworksBuildPhase section */

/* Begin PBXGroup section */
		FF259E841F76FD5F00EA79C3 /* Supporting Files */ = {
			isa = PBXGroup;
			children = (
				FF259E851F76FDC500EA79C3 /* impact.ttf */,
			);
			path = "Supporting Files";
			sourceTree = "<group>";
		};
		FF654D081F7550A100D911A8 = {
			isa = PBXGroup;
			children = (
				FF654D131F7550A100D911A8 /* MemeMe */,
				FF654D2B1F7550A200D911A8 /* MemeMeUITests */,
				FF654D121F7550A100D911A8 /* Products */,
			);
			sourceTree = "<group>";
		};
		FF654D121F7550A100D911A8 /* Products */ = {
			isa = PBXGroup;
			children = (
				FF654D111F7550A100D911A8 /* MemeMe.app */,
				FF654D281F7550A200D911A8 /* MemeMeUITests.xctest */,
			);
			name = Products;
			sourceTree = "<group>";
		};
		FF654D131F7550A100D911A8 /* MemeMe */ = {
			isa = PBXGroup;
			children = (
				FF654D141F7550A100D911A8 /* AppDelegate.swift */,
				FF654D161F7550A100D911A8 /* CreateMemeController.swift */,
				FF259E8A1F77BE6300EA79C3 /* CreateMemeController+ImagePickerDelegate.swift */,
				FF259E8C1F77BF2000EA79C3 /* CreateMemeController+Keyboard.swift */,
				FF654D181F7550A100D911A8 /* Main.storyboard */,
				FF7525591F76CCB400DFDD88 /* Data */,
				FF7525541F76AC8B00DFDD88 /* Utilities */,
				FF259E841F76FD5F00EA79C3 /* Supporting Files */,
				FF654D1E1F7550A100D911A8 /* Assets.xcassets */,
				FF654D201F7550A100D911A8 /* LaunchScreen.storyboard */,
				FF654D231F7550A100D911A8 /* Info.plist */,
				FF654D1B1F7550A100D911A8 /* MemeMe.xcdatamodeld */,
			);
			path = MemeMe;
			sourceTree = "<group>";
		};
		FF654D2B1F7550A200D911A8 /* MemeMeUITests */ = {
			isa = PBXGroup;
			children = (
				FF654D2C1F7550A200D911A8 /* MemeMeUITests.swift */,
				FF654D2E1F7550A200D911A8 /* Info.plist */,
			);
			path = MemeMeUITests;
			sourceTree = "<group>";
		};
		FF7525541F76AC8B00DFDD88 /* Utilities */ = {
			isa = PBXGroup;
			children = (
				FF7525551F76ACA400DFDD88 /* ConstraintUtils.swift */,
			);
			path = Utilities;
			sourceTree = "<group>";
		};
		FF7525591F76CCB400DFDD88 /* Data */ = {
			isa = PBXGroup;
			children = (
				FF75255A1F76CCD700DFDD88 /* MemeImage.swift */,
			);
			path = Data;
			sourceTree = "<group>";
		};
/* End PBXGroup section */

/* Begin PBXNativeTarget section */
		FF654D101F7550A100D911A8 /* MemeMe */ = {
			isa = PBXNativeTarget;
			buildConfigurationList = FF654D311F7550A200D911A8 /* Build configuration list for PBXNativeTarget "MemeMe" */;
			buildPhases = (
				FF654D0D1F7550A100D911A8 /* Sources */,
				FF654D0E1F7550A100D911A8 /* Frameworks */,
				FF654D0F1F7550A100D911A8 /* Resources */,
			);
			buildRules = (
			);
			dependencies = (
			);
			name = MemeMe;
			productName = MemeMe;
			productReference = FF654D111F7550A100D911A8 /* MemeMe.app */;
			productType = "com.apple.product-type.application";
		};
		FF654D271F7550A200D911A8 /* MemeMeUITests */ = {
			isa = PBXNativeTarget;
			buildConfigurationList = FF654D341F7550A200D911A8 /* Build configuration list for PBXNativeTarget "MemeMeUITests" */;
			buildPhases = (
				FF654D241F7550A200D911A8 /* Sources */,
				FF654D251F7550A200D911A8 /* Frameworks */,
				FF654D261F7550A200D911A8 /* Resources */,
			);
			buildRules = (
			);
			dependencies = (
				FF654D2A1F7550A200D911A8 /* PBXTargetDependency */,
			);
			name = MemeMeUITests;
			productName = MemeMeUITests;
			productReference = FF654D281F7550A200D911A8 /* MemeMeUITests.xctest */;
			productType = "com.apple.product-type.bundle.ui-testing";
		};
/* End PBXNativeTarget section */

/* Begin PBXProject section */
		FF654D091F7550A100D911A8 /* Project object */ = {
			isa = PBXProject;
			attributes = {
				LastSwiftUpdateCheck = 0900;
				LastUpgradeCheck = 0900;
				ORGANIZATIONNAME = "Justin Priday";
				TargetAttributes = {
					FF654D101F7550A100D911A8 = {
						CreatedOnToolsVersion = 9.0;
						ProvisioningStyle = Automatic;
					};
					FF654D271F7550A200D911A8 = {
						CreatedOnToolsVersion = 9.0;
						ProvisioningStyle = Automatic;
						TestTargetID = FF654D101F7550A100D911A8;
					};
				};
			};
			buildConfigurationList = FF654D0C1F7550A100D911A8 /* Build configuration list for PBXProject "MemeMe" */;
			compatibilityVersion = "Xcode 8.0";
			developmentRegion = en;
			hasScannedForEncodings = 0;
			knownRegions = (
				en,
				Base,
			);
			mainGroup = FF654D081F7550A100D911A8;
			productRefGroup = FF654D121F7550A100D911A8 /* Products */;
			projectDirPath = "";
			projectRoot = "";
			targets = (
				FF654D101F7550A100D911A8 /* MemeMe */,
				FF654D271F7550A200D911A8 /* MemeMeUITests */,
			);
		};
/* End PBXProject section */

/* Begin PBXResourcesBuildPhase section */
		FF654D0F1F7550A100D911A8 /* Resources */ = {
			isa = PBXResourcesBuildPhase;
			buildActionMask = 2147483647;
			files = (
				FF259E871F77001300EA79C3 /* impact.ttf in Resources */,
				FF654D221F7550A100D911A8 /* LaunchScreen.storyboard in Resources */,
				FF654D1F1F7550A100D911A8 /* Assets.xcassets in Resources */,
				FF654D1A1F7550A100D911A8 /* Main.storyboard in Resources */,
			);
			runOnlyForDeploymentPostprocessing = 0;
		};
		FF654D261F7550A200D911A8 /* Resources */ = {
			isa = PBXResourcesBuildPhase;
			buildActionMask = 2147483647;
			files = (
			);
			runOnlyForDeploymentPostprocessing = 0;
		};
/* End PBXResourcesBuildPhase section */

/* Begin PBXSourcesBuildPhase section */
		FF654D0D1F7550A100D911A8 /* Sources */ = {
			isa = PBXSourcesBuildPhase;
			buildActionMask = 2147483647;
			files = (
				FF259E8B1F77BE6300EA79C3 /* CreateMemeController+ImagePickerDelegate.swift in Sources */,
				FF654D1D1F7550A100D911A8 /* MemeMe.xcdatamodeld in Sources */,
				FF654D171F7550A100D911A8 /* CreateMemeController.swift in Sources */,
				FF75255B1F76CCD700DFDD88 /* MemeImage.swift in Sources */,
				FF259E8D1F77BF2000EA79C3 /* CreateMemeController+Keyboard.swift in Sources */,
				FF7525561F76ADCA00DFDD88 /* ConstraintUtils.swift in Sources */,
				FF654D151F7550A100D911A8 /* AppDelegate.swift in Sources */,
			);
			runOnlyForDeploymentPostprocessing = 0;
		};
		FF654D241F7550A200D911A8 /* Sources */ = {
			isa = PBXSourcesBuildPhase;
			buildActionMask = 2147483647;
			files = (
				FF654D2D1F7550A200D911A8 /* MemeMeUITests.swift in Sources */,
			);
			runOnlyForDeploymentPostprocessing = 0;
		};
/* End PBXSourcesBuildPhase section */

/* Begin PBXTargetDependency section */
		FF654D2A1F7550A200D911A8 /* PBXTargetDependency */ = {
			isa = PBXTargetDependency;
			target = FF654D101F7550A100D911A8 /* MemeMe */;
			targetProxy = FF654D291F7550A200D911A8 /* PBXContainerItemProxy */;
		};
/* End PBXTargetDependency section */

/* Begin PBXVariantGroup section */
		FF654D181F7550A100D911A8 /* Main.storyboard */ = {
			isa = PBXVariantGroup;
			children = (
				FF654D191F7550A100D911A8 /* Base */,
			);
			name = Main.storyboard;
			sourceTree = "<group>";
		};
		FF654D201F7550A100D911A8 /* LaunchScreen.storyboard */ = {
			isa = PBXVariantGroup;
			children = (
				FF654D211F7550A100D911A8 /* Base */,
			);
			name = LaunchScreen.storyboard;
			sourceTree = "<group>";
		};
/* End PBXVariantGroup section */

/* Begin XCBuildConfiguration section */
		FF654D2F1F7550A200D911A8 /* Debug */ = {
			isa = XCBuildConfiguration;
			buildSettings = {
				ALWAYS_SEARCH_USER_PATHS = NO;
				CLANG_ANALYZER_NONNULL = YES;
				CLANG_ANALYZER_NUMBER_OBJECT_CONVERSION = YES_AGGRESSIVE;
				CLANG_CXX_LANGUAGE_STANDARD = "gnu++14";
				CLANG_CXX_LIBRARY = "libc++";
				CLANG_ENABLE_MODULES = YES;
				CLANG_ENABLE_OBJC_ARC = YES;
				CLANG_WARN_BLOCK_CAPTURE_AUTORELEASING = YES;
				CLANG_WARN_BOOL_CONVERSION = YES;
				CLANG_WARN_COMMA = YES;
				CLANG_WARN_CONSTANT_CONVERSION = YES;
				CLANG_WARN_DIRECT_OBJC_ISA_USAGE = YES_ERROR;
				CLANG_WARN_DOCUMENTATION_COMMENTS = YES;
				CLANG_WARN_EMPTY_BODY = YES;
				CLANG_WARN_ENUM_CONVERSION = YES;
				CLANG_WARN_INFINITE_RECURSION = YES;
				CLANG_WARN_INT_CONVERSION = YES;
				CLANG_WARN_NON_LITERAL_NULL_CONVERSION = YES;
				CLANG_WARN_OBJC_LITERAL_CONVERSION = YES;
				CLANG_WARN_OBJC_ROOT_CLASS = YES_ERROR;
				CLANG_WARN_RANGE_LOOP_ANALYSIS = YES;
				CLANG_WARN_STRICT_PROTOTYPES = YES;
				CLANG_WARN_SUSPICIOUS_MOVE = YES;
				CLANG_WARN_UNGUARDED_AVAILABILITY = YES_AGGRESSIVE;
				CLANG_WARN_UNREACHABLE_CODE = YES;
				CLANG_WARN__DUPLICATE_METHOD_MATCH = YES;
				CODE_SIGN_IDENTITY = "iPhone Developer";
				COPY_PHASE_STRIP = NO;
				DEBUG_INFORMATION_FORMAT = dwarf;
				ENABLE_STRICT_OBJC_MSGSEND = YES;
				ENABLE_TESTABILITY = YES;
				GCC_C_LANGUAGE_STANDARD = gnu11;
				GCC_DYNAMIC_NO_PIC = NO;
				GCC_NO_COMMON_BLOCKS = YES;
				GCC_OPTIMIZATION_LEVEL = 0;
				GCC_PREPROCESSOR_DEFINITIONS = (
					"DEBUG=1",
					"$(inherited)",
				);
				GCC_WARN_64_TO_32_BIT_CONVERSION = YES;
				GCC_WARN_ABOUT_RETURN_TYPE = YES_ERROR;
				GCC_WARN_UNDECLARED_SELECTOR = YES;
				GCC_WARN_UNINITIALIZED_AUTOS = YES_AGGRESSIVE;
				GCC_WARN_UNUSED_FUNCTION = YES;
				GCC_WARN_UNUSED_VARIABLE = YES;
				IPHONEOS_DEPLOYMENT_TARGET = 11.0;
				MTL_ENABLE_DEBUG_INFO = YES;
				ONLY_ACTIVE_ARCH = YES;
				SDKROOT = iphoneos;
				SWIFT_ACTIVE_COMPILATION_CONDITIONS = DEBUG;
				SWIFT_OPTIMIZATION_LEVEL = "-Onone";
			};
			name = Debug;
		};
		FF654D301F7550A200D911A8 /* Release */ = {
			isa = XCBuildConfiguration;
			buildSettings = {
				ALWAYS_SEARCH_USER_PATHS = NO;
				CLANG_ANALYZER_NONNULL = YES;
				CLANG_ANALYZER_NUMBER_OBJECT_CONVERSION = YES_AGGRESSIVE;
				CLANG_CXX_LANGUAGE_STANDARD = "gnu++14";
				CLANG_CXX_LIBRARY = "libc++";
				CLANG_ENABLE_MODULES = YES;
				CLANG_ENABLE_OBJC_ARC = YES;
				CLANG_WARN_BLOCK_CAPTURE_AUTORELEASING = YES;
				CLANG_WARN_BOOL_CONVERSION = YES;
				CLANG_WARN_COMMA = YES;
				CLANG_WARN_CONSTANT_CONVERSION = YES;
				CLANG_WARN_DIRECT_OBJC_ISA_USAGE = YES_ERROR;
				CLANG_WARN_DOCUMENTATION_COMMENTS = YES;
				CLANG_WARN_EMPTY_BODY = YES;
				CLANG_WARN_ENUM_CONVERSION = YES;
				CLANG_WARN_INFINITE_RECURSION = YES;
				CLANG_WARN_INT_CONVERSION = YES;
				CLANG_WARN_NON_LITERAL_NULL_CONVERSION = YES;
				CLANG_WARN_OBJC_LITERAL_CONVERSION = YES;
				CLANG_WARN_OBJC_ROOT_CLASS = YES_ERROR;
				CLANG_WARN_RANGE_LOOP_ANALYSIS = YES;
				CLANG_WARN_STRICT_PROTOTYPES = YES;
				CLANG_WARN_SUSPICIOUS_MOVE = YES;
				CLANG_WARN_UNGUARDED_AVAILABILITY = YES_AGGRESSIVE;
				CLANG_WARN_UNREACHABLE_CODE = YES;
				CLANG_WARN__DUPLICATE_METHOD_MATCH = YES;
				CODE_SIGN_IDENTITY = "iPhone Developer";
				COPY_PHASE_STRIP = NO;
				DEBUG_INFORMATION_FORMAT = "dwarf-with-dsym";
				ENABLE_NS_ASSERTIONS = NO;
				ENABLE_STRICT_OBJC_MSGSEND = YES;
				GCC_C_LANGUAGE_STANDARD = gnu11;
				GCC_NO_COMMON_BLOCKS = YES;
				GCC_WARN_64_TO_32_BIT_CONVERSION = YES;
				GCC_WARN_ABOUT_RETURN_TYPE = YES_ERROR;
				GCC_WARN_UNDECLARED_SELECTOR = YES;
				GCC_WARN_UNINITIALIZED_AUTOS = YES_AGGRESSIVE;
				GCC_WARN_UNUSED_FUNCTION = YES;
				GCC_WARN_UNUSED_VARIABLE = YES;
				IPHONEOS_DEPLOYMENT_TARGET = 11.0;
				MTL_ENABLE_DEBUG_INFO = NO;
				SDKROOT = iphoneos;
				SWIFT_OPTIMIZATION_LEVEL = "-Owholemodule";
				VALIDATE_PRODUCT = YES;
			};
			name = Release;
		};
		FF654D321F7550A200D911A8 /* Debug */ = {
			isa = XCBuildConfiguration;
			buildSettings = {
				ASSETCATALOG_COMPILER_APPICON_NAME = AppIcon;
				CODE_SIGN_STYLE = Automatic;
				DEVELOPMENT_TEAM = EPF4M4227K;
				INFOPLIST_FILE = MemeMe/Info.plist;
				LD_RUNPATH_SEARCH_PATHS = "$(inherited) @executable_path/Frameworks";
				PRODUCT_BUNDLE_IDENTIFIER = com.JustinPriday.MemeMe;
				PRODUCT_NAME = "$(TARGET_NAME)";
				SWIFT_VERSION = 4.0;
				TARGETED_DEVICE_FAMILY = "1,2";
			};
			name = Debug;
		};
		FF654D331F7550A200D911A8 /* Release */ = {
			isa = XCBuildConfiguration;
			buildSettings = {
				ASSETCATALOG_COMPILER_APPICON_NAME = AppIcon;
				CODE_SIGN_STYLE = Automatic;
				DEVELOPMENT_TEAM = EPF4M4227K;
				INFOPLIST_FILE = MemeMe/Info.plist;
				LD_RUNPATH_SEARCH_PATHS = "$(inherited) @executable_path/Frameworks";
				PRODUCT_BUNDLE_IDENTIFIER = com.JustinPriday.MemeMe;
				PRODUCT_NAME = "$(TARGET_NAME)";
				SWIFT_VERSION = 4.0;
				TARGETED_DEVICE_FAMILY = "1,2";
			};
			name = Release;
		};
		FF654D351F7550A200D911A8 /* Debug */ = {
			isa = XCBuildConfiguration;
			buildSettings = {
				ALWAYS_EMBED_SWIFT_STANDARD_LIBRARIES = YES;
				CODE_SIGN_STYLE = Automatic;
				DEVELOPMENT_TEAM = EPF4M4227K;
				INFOPLIST_FILE = MemeMeUITests/Info.plist;
				LD_RUNPATH_SEARCH_PATHS = "$(inherited) @executable_path/Frameworks @loader_path/Frameworks";
				PRODUCT_BUNDLE_IDENTIFIER = com.JustinPriday.MemeMeUITests;
				PRODUCT_NAME = "$(TARGET_NAME)";
				SWIFT_VERSION = 4.0;
				TARGETED_DEVICE_FAMILY = "1,2";
				TEST_TARGET_NAME = MemeMe;
			};
			name = Debug;
		};
		FF654D361F7550A200D911A8 /* Release */ = {
			isa = XCBuildConfiguration;
			buildSettings = {
				ALWAYS_EMBED_SWIFT_STANDARD_LIBRARIES = YES;
				CODE_SIGN_STYLE = Automatic;
				DEVELOPMENT_TEAM = EPF4M4227K;
				INFOPLIST_FILE = MemeMeUITests/Info.plist;
				LD_RUNPATH_SEARCH_PATHS = "$(inherited) @executable_path/Frameworks @loader_path/Frameworks";
				PRODUCT_BUNDLE_IDENTIFIER = com.JustinPriday.MemeMeUITests;
				PRODUCT_NAME = "$(TARGET_NAME)";
				SWIFT_VERSION = 4.0;
				TARGETED_DEVICE_FAMILY = "1,2";
				TEST_TARGET_NAME = MemeMe;
			};
			name = Release;
		};
/* End XCBuildConfiguration section */

/* Begin XCConfigurationList section */
		FF654D0C1F7550A100D911A8 /* Build configuration list for PBXProject "MemeMe" */ = {
			isa = XCConfigurationList;
			buildConfigurations = (
				FF654D2F1F7550A200D911A8 /* Debug */,
				FF654D301F7550A200D911A8 /* Release */,
			);
			defaultConfigurationIsVisible = 0;
			defaultConfigurationName = Release;
		};
		FF654D311F7550A200D911A8 /* Build configuration list for PBXNativeTarget "MemeMe" */ = {
			isa = XCConfigurationList;
			buildConfigurations = (
				FF654D321F7550A200D911A8 /* Debug */,
				FF654D331F7550A200D911A8 /* Release */,
			);
			defaultConfigurationIsVisible = 0;
			defaultConfigurationName = Release;
		};
		FF654D341F7550A200D911A8 /* Build configuration list for PBXNativeTarget "MemeMeUITests" */ = {
			isa = XCConfigurationList;
			buildConfigurations = (
				FF654D351F7550A200D911A8 /* Debug */,
				FF654D361F7550A200D911A8 /* Release */,
			);
			defaultConfigurationIsVisible = 0;
			defaultConfigurationName = Release;
		};
/* End XCConfigurationList section */

/* Begin XCVersionGroup section */
		FF654D1B1F7550A100D911A8 /* MemeMe.xcdatamodeld */ = {
			isa = XCVersionGroup;
			children = (
				FF654D1C1F7550A100D911A8 /* MemeMe.xcdatamodel */,
			);
			currentVersion = FF654D1C1F7550A100D911A8 /* MemeMe.xcdatamodel */;
			path = MemeMe.xcdatamodeld;
			sourceTree = "<group>";
			versionGroupType = wrapper.xcdatamodel;
		};
/* End XCVersionGroup section */
	};
	rootObject = FF654D091F7550A100D911A8 /* Project object */;
}
